// !$*UTF8*$!
{
	archiveVersion = 1;
	classes = {
	};
	objectVersion = 55;
	objects = {

/* Begin PBXBuildFile section */
		FE4BC4CF2799FC17009D94DD /* AppDelegate.swift in Sources */ = {isa = PBXBuildFile; fileRef = FE4BC4CE2799FC17009D94DD /* AppDelegate.swift */; };
		FE4BC4D12799FC17009D94DD /* SceneDelegate.swift in Sources */ = {isa = PBXBuildFile; fileRef = FE4BC4D02799FC17009D94DD /* SceneDelegate.swift */; };
		FE4BC4D32799FC17009D94DD /* ViewController.swift in Sources */ = {isa = PBXBuildFile; fileRef = FE4BC4D22799FC17009D94DD /* ViewController.swift */; };
		FE4BC4D62799FC17009D94DD /* Main.storyboard in Resources */ = {isa = PBXBuildFile; fileRef = FE4BC4D42799FC17009D94DD /* Main.storyboard */; };
		FE4BC4D82799FC18009D94DD /* Assets.xcassets in Resources */ = {isa = PBXBuildFile; fileRef = FE4BC4D72799FC18009D94DD /* Assets.xcassets */; };
		FE4BC4DB2799FC18009D94DD /* LaunchScreen.storyboard in Resources */ = {isa = PBXBuildFile; fileRef = FE4BC4D92799FC18009D94DD /* LaunchScreen.storyboard */; };
		FE4BC4E62799FC18009D94DD /* HelloAppTests.swift in Sources */ = {isa = PBXBuildFile; fileRef = FE4BC4E52799FC18009D94DD /* HelloAppTests.swift */; };
		FE4BC4F02799FC18009D94DD /* HelloAppUITests.swift in Sources */ = {isa = PBXBuildFile; fileRef = FE4BC4EF2799FC18009D94DD /* HelloAppUITests.swift */; };
		FE4BC4F22799FC18009D94DD /* HelloAppUITestsLaunchTests.swift in Sources */ = {isa = PBXBuildFile; fileRef = FE4BC4F12799FC18009D94DD /* HelloAppUITestsLaunchTests.swift */; };
/* End PBXBuildFile section */

/* Begin PBXContainerItemProxy section */
		FE4BC4E22799FC18009D94DD /* PBXContainerItemProxy */ = {
			isa = PBXContainerItemProxy;
			containerPortal = FE4BC4C32799FC17009D94DD /* Project object */;
			proxyType = 1;
			remoteGlobalIDString = FE4BC4CA2799FC17009D94DD;
			remoteInfo = HelloApp;
		};
		FE4BC4EC2799FC18009D94DD /* PBXContainerItemProxy */ = {
			isa = PBXContainerItemProxy;
			containerPortal = FE4BC4C32799FC17009D94DD /* Project object */;
			proxyType = 1;
			remoteGlobalIDString = FE4BC4CA2799FC17009D94DD;
			remoteInfo = HelloApp;
		};
/* End PBXContainerItemProxy section */

/* Begin PBXFileReference section */
		FE4BC4CB2799FC17009D94DD /* HelloApp.app */ = {isa = PBXFileReference; explicitFileType = wrapper.application; includeInIndex = 0; path = HelloApp.app; sourceTree = BUILT_PRODUCTS_DIR; };
		FE4BC4CE2799FC17009D94DD /* AppDelegate.swift */ = {isa = PBXFileReference; lastKnownFileType = sourcecode.swift; path = AppDelegate.swift; sourceTree = "<group>"; };
		FE4BC4D02799FC17009D94DD /* SceneDelegate.swift */ = {isa = PBXFileReference; lastKnownFileType = sourcecode.swift; path = SceneDelegate.swift; sourceTree = "<group>"; };
		FE4BC4D22799FC17009D94DD /* ViewController.swift */ = {isa = PBXFileReference; lastKnownFileType = sourcecode.swift; path = ViewController.swift; sourceTree = "<group>"; };
		FE4BC4D52799FC17009D94DD /* Base */ = {isa = PBXFileReference; lastKnownFileType = file.storyboard; name = Base; path = Base.lproj/Main.storyboard; sourceTree = "<group>"; };
		FE4BC4D72799FC18009D94DD /* Assets.xcassets */ = {isa = PBXFileReference; lastKnownFileType = folder.assetcatalog; path = Assets.xcassets; sourceTree = "<group>"; };
		FE4BC4DA2799FC18009D94DD /* Base */ = {isa = PBXFileReference; lastKnownFileType = file.storyboard; name = Base; path = Base.lproj/LaunchScreen.storyboard; sourceTree = "<group>"; };
		FE4BC4DC2799FC18009D94DD /* Info.plist */ = {isa = PBXFileReference; lastKnownFileType = text.plist.xml; path = Info.plist; sourceTree = "<group>"; };
		FE4BC4E12799FC18009D94DD /* HelloAppTests.xctest */ = {isa = PBXFileReference; explicitFileType = wrapper.cfbundle; includeInIndex = 0; path = HelloAppTests.xctest; sourceTree = BUILT_PRODUCTS_DIR; };
		FE4BC4E52799FC18009D94DD /* HelloAppTests.swift */ = {isa = PBXFileReference; lastKnownFileType = sourcecode.swift; path = HelloAppTests.swift; sourceTree = "<group>"; };
		FE4BC4EB2799FC18009D94DD /* HelloAppUITests.xctest */ = {isa = PBXFileReference; explicitFileType = wrapper.cfbundle; includeInIndex = 0; path = HelloAppUITests.xctest; sourceTree = BUILT_PRODUCTS_DIR; };
		FE4BC4EF2799FC18009D94DD /* HelloAppUITests.swift */ = {isa = PBXFileReference; lastKnownFileType = sourcecode.swift; path = HelloAppUITests.swift; sourceTree = "<group>"; };
		FE4BC4F12799FC18009D94DD /* HelloAppUITestsLaunchTests.swift */ = {isa = PBXFileReference; lastKnownFileType = sourcecode.swift; path = HelloAppUITestsLaunchTests.swift; sourceTree = "<group>"; };
/* End PBXFileReference section */

/* Begin PBXFrameworksBuildPhase section */
		FE4BC4C82799FC17009D94DD /* Frameworks */ = {
			isa = PBXFrameworksBuildPhase;
			buildActionMask = 2147483647;
			files = (
			);
			runOnlyForDeploymentPostprocessing = 0;
		};
		FE4BC4DE2799FC18009D94DD /* Frameworks */ = {
			isa = PBXFrameworksBuildPhase;
			buildActionMask = 2147483647;
			files = (
			);
			runOnlyForDeploymentPostprocessing = 0;
		};
		FE4BC4E82799FC18009D94DD /* Frameworks */ = {
			isa = PBXFrameworksBuildPhase;
			buildActionMask = 2147483647;
			files = (
			);
			runOnlyForDeploymentPostprocessing = 0;
		};
/* End PBXFrameworksBuildPhase section */

/* Begin PBXGroup section */
		FE4BC4C22799FC17009D94DD = {
			isa = PBXGroup;
			children = (
				FE4BC4CD2799FC17009D94DD /* HelloApp */,
				FE4BC4E42799FC18009D94DD /* HelloAppTests */,
				FE4BC4EE2799FC18009D94DD /* HelloAppUITests */,
				FE4BC4CC2799FC17009D94DD /* Products */,
			);
			sourceTree = "<group>";
		};
		FE4BC4CC2799FC17009D94DD /* Products */ = {
			isa = PBXGroup;
			children = (
				FE4BC4CB2799FC17009D94DD /* HelloApp.app */,
				FE4BC4E12799FC18009D94DD /* HelloAppTests.xctest */,
				FE4BC4EB2799FC18009D94DD /* HelloAppUITests.xctest */,
			);
			name = Products;
			sourceTree = "<group>";
		};
		FE4BC4CD2799FC17009D94DD /* HelloApp */ = {
			isa = PBXGroup;
			children = (
				FE4BC4CE2799FC17009D94DD /* AppDelegate.swift */,
				FE4BC4D02799FC17009D94DD /* SceneDelegate.swift */,
				FE4BC4D22799FC17009D94DD /* ViewController.swift */,
				FE4BC4D42799FC17009D94DD /* Main.storyboard */,
				FE4BC4D72799FC18009D94DD /* Assets.xcassets */,
				FE4BC4D92799FC18009D94DD /* LaunchScreen.storyboard */,
				FE4BC4DC2799FC18009D94DD /* Info.plist */,
			);
			path = HelloApp;
			sourceTree = "<group>";
		};
		FE4BC4E42799FC18009D94DD /* HelloAppTests */ = {
			isa = PBXGroup;
			children = (
				FE4BC4E52799FC18009D94DD /* HelloAppTests.swift */,
			);
			path = HelloAppTests;
			sourceTree = "<group>";
		};
		FE4BC4EE2799FC18009D94DD /* HelloAppUITests */ = {
			isa = PBXGroup;
			children = (
				FE4BC4EF2799FC18009D94DD /* HelloAppUITests.swift */,
				FE4BC4F12799FC18009D94DD /* HelloAppUITestsLaunchTests.swift */,
			);
			path = HelloAppUITests;
			sourceTree = "<group>";
		};
/* End PBXGroup section */

/* Begin PBXNativeTarget section */
		FE4BC4CA2799FC17009D94DD /* HelloApp */ = {
			isa = PBXNativeTarget;
			buildConfigurationList = FE4BC4F52799FC18009D94DD /* Build configuration list for PBXNativeTarget "HelloApp" */;
			buildPhases = (
				FE4BC4C72799FC17009D94DD /* Sources */,
				FE4BC4C82799FC17009D94DD /* Frameworks */,
				FE4BC4C92799FC17009D94DD /* Resources */,
			);
			buildRules = (
			);
			dependencies = (
			);
			name = HelloApp;
			productName = HelloApp;
			productReference = FE4BC4CB2799FC17009D94DD /* HelloApp.app */;
			productType = "com.apple.product-type.application";
		};
		FE4BC4E02799FC18009D94DD /* HelloAppTests */ = {
			isa = PBXNativeTarget;
			buildConfigurationList = FE4BC4F82799FC18009D94DD /* Build configuration list for PBXNativeTarget "HelloAppTests" */;
			buildPhases = (
				FE4BC4DD2799FC18009D94DD /* Sources */,
				FE4BC4DE2799FC18009D94DD /* Frameworks */,
				FE4BC4DF2799FC18009D94DD /* Resources */,
			);
			buildRules = (
			);
			dependencies = (
				FE4BC4E32799FC18009D94DD /* PBXTargetDependency */,
			);
			name = HelloAppTests;
			productName = HelloAppTests;
			productReference = FE4BC4E12799FC18009D94DD /* HelloAppTests.xctest */;
			productType = "com.apple.product-type.bundle.unit-test";
		};
		FE4BC4EA2799FC18009D94DD /* HelloAppUITests */ = {
			isa = PBXNativeTarget;
			buildConfigurationList = FE4BC4FB2799FC18009D94DD /* Build configuration list for PBXNativeTarget "HelloAppUITests" */;
			buildPhases = (
				FE4BC4E72799FC18009D94DD /* Sources */,
				FE4BC4E82799FC18009D94DD /* Frameworks */,
				FE4BC4E92799FC18009D94DD /* Resources */,
			);
			buildRules = (
			);
			dependencies = (
				FE4BC4ED2799FC18009D94DD /* PBXTargetDependency */,
			);
			name = HelloAppUITests;
			productName = HelloAppUITests;
			productReference = FE4BC4EB2799FC18009D94DD /* HelloAppUITests.xctest */;
			productType = "com.apple.product-type.bundle.ui-testing";
		};
/* End PBXNativeTarget section */

/* Begin PBXProject section */
		FE4BC4C32799FC17009D94DD /* Project object */ = {
			isa = PBXProject;
			attributes = {
				BuildIndependentTargetsInParallel = 1;
				LastSwiftUpdateCheck = 1320;
				LastUpgradeCheck = 1320;
				TargetAttributes = {
					FE4BC4CA2799FC17009D94DD = {
						CreatedOnToolsVersion = 13.2.1;
					};
					FE4BC4E02799FC18009D94DD = {
						CreatedOnToolsVersion = 13.2.1;
						TestTargetID = FE4BC4CA2799FC17009D94DD;
					};
					FE4BC4EA2799FC18009D94DD = {
						CreatedOnToolsVersion = 13.2.1;
						TestTargetID = FE4BC4CA2799FC17009D94DD;
					};
				};
			};
			buildConfigurationList = FE4BC4C62799FC17009D94DD /* Build configuration list for PBXProject "HelloApp" */;
			compatibilityVersion = "Xcode 13.0";
			developmentRegion = en;
			hasScannedForEncodings = 0;
			knownRegions = (
				en,
				Base,
			);
			mainGroup = FE4BC4C22799FC17009D94DD;
			productRefGroup = FE4BC4CC2799FC17009D94DD /* Products */;
			projectDirPath = "";
			projectRoot = "";
			targets = (
				FE4BC4CA2799FC17009D94DD /* HelloApp */,
				FE4BC4E02799FC18009D94DD /* HelloAppTests */,
				FE4BC4EA2799FC18009D94DD /* HelloAppUITests */,
			);
		};
/* End PBXProject section */

/* Begin PBXResourcesBuildPhase section */
		FE4BC4C92799FC17009D94DD /* Resources */ = {
			isa = PBXResourcesBuildPhase;
			buildActionMask = 2147483647;
			files = (
				FE4BC4DB2799FC18009D94DD /* LaunchScreen.storyboard in Resources */,
				FE4BC4D82799FC18009D94DD /* Assets.xcassets in Resources */,
				FE4BC4D62799FC17009D94DD /* Main.storyboard in Resources */,
			);
			runOnlyForDeploymentPostprocessing = 0;
		};
		FE4BC4DF2799FC18009D94DD /* Resources */ = {
			isa = PBXResourcesBuildPhase;
			buildActionMask = 2147483647;
			files = (
			);
			runOnlyForDeploymentPostprocessing = 0;
		};
		FE4BC4E92799FC18009D94DD /* Resources */ = {
			isa = PBXResourcesBuildPhase;
			buildActionMask = 2147483647;
			files = (
			);
			runOnlyForDeploymentPostprocessing = 0;
		};
/* End PBXResourcesBuildPhase section */

/* Begin PBXSourcesBuildPhase section */
		FE4BC4C72799FC17009D94DD /* Sources */ = {
			isa = PBXSourcesBuildPhase;
			buildActionMask = 2147483647;
			files = (
				FE4BC4D32799FC17009D94DD /* ViewController.swift in Sources */,
				FE4BC4CF2799FC17009D94DD /* AppDelegate.swift in Sources */,
				FE4BC4D12799FC17009D94DD /* SceneDelegate.swift in Sources */,
			);
			runOnlyForDeploymentPostprocessing = 0;
		};
		FE4BC4DD2799FC18009D94DD /* Sources */ = {
			isa = PBXSourcesBuildPhase;
			buildActionMask = 2147483647;
			files = (
				FE4BC4E62799FC18009D94DD /* HelloAppTests.swift in Sources */,
			);
			runOnlyForDeploymentPostprocessing = 0;
		};
		FE4BC4E72799FC18009D94DD /* Sources */ = {
			isa = PBXSourcesBuildPhase;
			buildActionMask = 2147483647;
			files = (
				FE4BC4F22799FC18009D94DD /* HelloAppUITestsLaunchTests.swift in Sources */,
				FE4BC4F02799FC18009D94DD /* HelloAppUITests.swift in Sources */,
			);
			runOnlyForDeploymentPostprocessing = 0;
		};
/* End PBXSourcesBuildPhase section */

/* Begin PBXTargetDependency section */
		FE4BC4E32799FC18009D94DD /* PBXTargetDependency */ = {
			isa = PBXTargetDependency;
			target = FE4BC4CA2799FC17009D94DD /* HelloApp */;
			targetProxy = FE4BC4E22799FC18009D94DD /* PBXContainerItemProxy */;
		};
		FE4BC4ED2799FC18009D94DD /* PBXTargetDependency */ = {
			isa = PBXTargetDependency;
			target = FE4BC4CA2799FC17009D94DD /* HelloApp */;
			targetProxy = FE4BC4EC2799FC18009D94DD /* PBXContainerItemProxy */;
		};
/* End PBXTargetDependency section */

/* Begin PBXVariantGroup section */
		FE4BC4D42799FC17009D94DD /* Main.storyboard */ = {
			isa = PBXVariantGroup;
			children = (
				FE4BC4D52799FC17009D94DD /* Base */,
			);
			name = Main.storyboard;
			sourceTree = "<group>";
		};
		FE4BC4D92799FC18009D94DD /* LaunchScreen.storyboard */ = {
			isa = PBXVariantGroup;
			children = (
				FE4BC4DA2799FC18009D94DD /* Base */,
			);
			name = LaunchScreen.storyboard;
			sourceTree = "<group>";
		};
/* End PBXVariantGroup section */

/* Begin XCBuildConfiguration section */
		FE4BC4F32799FC18009D94DD /* Debug */ = {
			isa = XCBuildConfiguration;
			buildSettings = {
				ALWAYS_SEARCH_USER_PATHS = NO;
				CLANG_ANALYZER_NONNULL = YES;
				CLANG_ANALYZER_NUMBER_OBJECT_CONVERSION = YES_AGGRESSIVE;
				CLANG_CXX_LANGUAGE_STANDARD = "gnu++17";
				CLANG_CXX_LIBRARY = "libc++";
				CLANG_ENABLE_MODULES = YES;
				CLANG_ENABLE_OBJC_ARC = YES;
				CLANG_ENABLE_OBJC_WEAK = YES;
				CLANG_WARN_BLOCK_CAPTURE_AUTORELEASING = YES;
				CLANG_WARN_BOOL_CONVERSION = YES;
				CLANG_WARN_COMMA = YES;
				CLANG_WARN_CONSTANT_CONVERSION = YES;
				CLANG_WARN_DEPRECATED_OBJC_IMPLEMENTATIONS = YES;
				CLANG_WARN_DIRECT_OBJC_ISA_USAGE = YES_ERROR;
				CLANG_WARN_DOCUMENTATION_COMMENTS = YES;
				CLANG_WARN_EMPTY_BODY = YES;
				CLANG_WARN_ENUM_CONVERSION = YES;
				CLANG_WARN_INFINITE_RECURSION = YES;
				CLANG_WARN_INT_CONVERSION = YES;
				CLANG_WARN_NON_LITERAL_NULL_CONVERSION = YES;
				CLANG_WARN_OBJC_IMPLICIT_RETAIN_SELF = YES;
				CLANG_WARN_OBJC_LITERAL_CONVERSION = YES;
				CLANG_WARN_OBJC_ROOT_CLASS = YES_ERROR;
				CLANG_WARN_QUOTED_INCLUDE_IN_FRAMEWORK_HEADER = YES;
				CLANG_WARN_RANGE_LOOP_ANALYSIS = YES;
				CLANG_WARN_STRICT_PROTOTYPES = YES;
				CLANG_WARN_SUSPICIOUS_MOVE = YES;
				CLANG_WARN_UNGUARDED_AVAILABILITY = YES_AGGRESSIVE;
				CLANG_WARN_UNREACHABLE_CODE = YES;
				CLANG_WARN__DUPLICATE_METHOD_MATCH = YES;
				COPY_PHASE_STRIP = NO;
				DEBUG_INFORMATION_FORMAT = dwarf;
				ENABLE_STRICT_OBJC_MSGSEND = YES;
				ENABLE_TESTABILITY = YES;
				GCC_C_LANGUAGE_STANDARD = gnu11;
				GCC_DYNAMIC_NO_PIC = NO;
				GCC_NO_COMMON_BLOCKS = YES;
				GCC_OPTIMIZATION_LEVEL = 0;
				GCC_PREPROCESSOR_DEFINITIONS = (
					"DEBUG=1",
					"$(inherited)",
				);
				GCC_WARN_64_TO_32_BIT_CONVERSION = YES;
				GCC_WARN_ABOUT_RETURN_TYPE = YES_ERROR;
				GCC_WARN_UNDECLARED_SELECTOR = YES;
				GCC_WARN_UNINITIALIZED_AUTOS = YES_AGGRESSIVE;
				GCC_WARN_UNUSED_FUNCTION = YES;
				GCC_WARN_UNUSED_VARIABLE = YES;
				IPHONEOS_DEPLOYMENT_TARGET = 15.2;
				MTL_ENABLE_DEBUG_INFO = INCLUDE_SOURCE;
				MTL_FAST_MATH = YES;
				ONLY_ACTIVE_ARCH = YES;
				SDKROOT = iphoneos;
				SWIFT_ACTIVE_COMPILATION_CONDITIONS = DEBUG;
				SWIFT_OPTIMIZATION_LEVEL = "-Onone";
			};
			name = Debug;
		};
		FE4BC4F42799FC18009D94DD /* Release */ = {
			isa = XCBuildConfiguration;
			buildSettings = {
				ALWAYS_SEARCH_USER_PATHS = NO;
				CLANG_ANALYZER_NONNULL = YES;
				CLANG_ANALYZER_NUMBER_OBJECT_CONVERSION = YES_AGGRESSIVE;
				CLANG_CXX_LANGUAGE_STANDARD = "gnu++17";
				CLANG_CXX_LIBRARY = "libc++";
				CLANG_ENABLE_MODULES = YES;
				CLANG_ENABLE_OBJC_ARC = YES;
				CLANG_ENABLE_OBJC_WEAK = YES;
				CLANG_WARN_BLOCK_CAPTURE_AUTORELEASING = YES;
				CLANG_WARN_BOOL_CONVERSION = YES;
				CLANG_WARN_COMMA = YES;
				CLANG_WARN_CONSTANT_CONVERSION = YES;
				CLANG_WARN_DEPRECATED_OBJC_IMPLEMENTATIONS = YES;
				CLANG_WARN_DIRECT_OBJC_ISA_USAGE = YES_ERROR;
				CLANG_WARN_DOCUMENTATION_COMMENTS = YES;
				CLANG_WARN_EMPTY_BODY = YES;
				CLANG_WARN_ENUM_CONVERSION = YES;
				CLANG_WARN_INFINITE_RECURSION = YES;
				CLANG_WARN_INT_CONVERSION = YES;
				CLANG_WARN_NON_LITERAL_NULL_CONVERSION = YES;
				CLANG_WARN_OBJC_IMPLICIT_RETAIN_SELF = YES;
				CLANG_WARN_OBJC_LITERAL_CONVERSION = YES;
				CLANG_WARN_OBJC_ROOT_CLASS = YES_ERROR;
				CLANG_WARN_QUOTED_INCLUDE_IN_FRAMEWORK_HEADER = YES;
				CLANG_WARN_RANGE_LOOP_ANALYSIS = YES;
				CLANG_WARN_STRICT_PROTOTYPES = YES;
				CLANG_WARN_SUSPICIOUS_MOVE = YES;
				CLANG_WARN_UNGUARDED_AVAILABILITY = YES_AGGRESSIVE;
				CLANG_WARN_UNREACHABLE_CODE = YES;
				CLANG_WARN__DUPLICATE_METHOD_MATCH = YES;
				COPY_PHASE_STRIP = NO;
				DEBUG_INFORMATION_FORMAT = "dwarf-with-dsym";
				ENABLE_NS_ASSERTIONS = NO;
				ENABLE_STRICT_OBJC_MSGSEND = YES;
				GCC_C_LANGUAGE_STANDARD = gnu11;
				GCC_NO_COMMON_BLOCKS = YES;
				GCC_WARN_64_TO_32_BIT_CONVERSION = YES;
				GCC_WARN_ABOUT_RETURN_TYPE = YES_ERROR;
				GCC_WARN_UNDECLARED_SELECTOR = YES;
				GCC_WARN_UNINITIALIZED_AUTOS = YES_AGGRESSIVE;
				GCC_WARN_UNUSED_FUNCTION = YES;
				GCC_WARN_UNUSED_VARIABLE = YES;
				IPHONEOS_DEPLOYMENT_TARGET = 15.2;
				MTL_ENABLE_DEBUG_INFO = NO;
				MTL_FAST_MATH = YES;
				SDKROOT = iphoneos;
				SWIFT_COMPILATION_MODE = wholemodule;
				SWIFT_OPTIMIZATION_LEVEL = "-O";
				VALIDATE_PRODUCT = YES;
			};
			name = Release;
		};
		FE4BC4F62799FC18009D94DD /* Debug */ = {
			isa = XCBuildConfiguration;
			buildSettings = {
				ASSETCATALOG_COMPILER_APPICON_NAME = AppIcon;
				ASSETCATALOG_COMPILER_GLOBAL_ACCENT_COLOR_NAME = AccentColor;
				CODE_SIGN_STYLE = Automatic;
				CURRENT_PROJECT_VERSION = 1;
				GENERATE_INFOPLIST_FILE = YES;
				INFOPLIST_FILE = HelloApp/Info.plist;
				INFOPLIST_KEY_CFBundleDisplayName = HelloApp;
				INFOPLIST_KEY_UIApplicationSupportsIndirectInputEvents = YES;
				INFOPLIST_KEY_UILaunchStoryboardName = LaunchScreen;
				INFOPLIST_KEY_UIMainStoryboardFile = Main;
				INFOPLIST_KEY_UISupportedInterfaceOrientations_iPad = "UIInterfaceOrientationPortrait UIInterfaceOrientationPortraitUpsideDown UIInterfaceOrientationLandscapeLeft UIInterfaceOrientationLandscapeRight";
				INFOPLIST_KEY_UISupportedInterfaceOrientations_iPhone = "UIInterfaceOrientationPortrait UIInterfaceOrientationLandscapeLeft UIInterfaceOrientationLandscapeRight";
				LD_RUNPATH_SEARCH_PATHS = (
					"$(inherited)",
					"@executable_path/Frameworks",
				);
				MARKETING_VERSION = 1.0;
				PRODUCT_BUNDLE_IDENTIFIER = NWM.HelloApp;
				PRODUCT_NAME = "$(TARGET_NAME)";
				SWIFT_EMIT_LOC_STRINGS = YES;
				SWIFT_VERSION = 5.0;
				TARGETED_DEVICE_FAMILY = "1,2";
			};
			name = Debug;
		};
		FE4BC4F72799FC18009D94DD /* Release */ = {
			isa = XCBuildConfiguration;
			buildSettings = {
				ASSETCATALOG_COMPILER_APPICON_NAME = AppIcon;
				ASSETCATALOG_COMPILER_GLOBAL_ACCENT_COLOR_NAME = AccentColor;
				CODE_SIGN_STYLE = Automatic;
				CURRENT_PROJECT_VERSION = 1;
				GENERATE_INFOPLIST_FILE = YES;
				INFOPLIST_FILE = HelloApp/Info.plist;
				INFOPLIST_KEY_CFBundleDisplayName = HelloApp;
				INFOPLIST_KEY_UIApplicationSupportsIndirectInputEvents = YES;
				INFOPLIST_KEY_UILaunchStoryboardName = LaunchScreen;
				INFOPLIST_KEY_UIMainStoryboardFile = Main;
				INFOPLIST_KEY_UISupportedInterfaceOrientations_iPad = "UIInterfaceOrientationPortrait UIInterfaceOrientationPortraitUpsideDown UIInterfaceOrientationLandscapeLeft UIInterfaceOrientationLandscapeRight";
				INFOPLIST_KEY_UISupportedInterfaceOrientations_iPhone = "UIInterfaceOrientationPortrait UIInterfaceOrientationLandscapeLeft UIInterfaceOrientationLandscapeRight";
				LD_RUNPATH_SEARCH_PATHS = (
					"$(inherited)",
					"@executable_path/Frameworks",
				);
				MARKETING_VERSION = 1.0;
				PRODUCT_BUNDLE_IDENTIFIER = NWM.HelloApp;
				PRODUCT_NAME = "$(TARGET_NAME)";
				SWIFT_EMIT_LOC_STRINGS = YES;
				SWIFT_VERSION = 5.0;
				TARGETED_DEVICE_FAMILY = "1,2";
			};
			name = Release;
		};
		FE4BC4F92799FC18009D94DD /* Debug */ = {
			isa = XCBuildConfiguration;
			buildSettings = {
				ALWAYS_EMBED_SWIFT_STANDARD_LIBRARIES = YES;
				BUNDLE_LOADER = "$(TEST_HOST)";
				CODE_SIGN_STYLE = Automatic;
				CURRENT_PROJECT_VERSION = 1;
				GENERATE_INFOPLIST_FILE = YES;
				IPHONEOS_DEPLOYMENT_TARGET = 15.2;
				MARKETING_VERSION = 1.0;
				PRODUCT_BUNDLE_IDENTIFIER = NWM.HelloAppTests;
				PRODUCT_NAME = "$(TARGET_NAME)";
				SWIFT_EMIT_LOC_STRINGS = NO;
				SWIFT_VERSION = 5.0;
				TARGETED_DEVICE_FAMILY = "1,2";
				TEST_HOST = "$(BUILT_PRODUCTS_DIR)/HelloApp.app/HelloApp";
			};
			name = Debug;
		};
		FE4BC4FA2799FC18009D94DD /* Release */ = {
			isa = XCBuildConfiguration;
			buildSettings = {
				ALWAYS_EMBED_SWIFT_STANDARD_LIBRARIES = YES;
				BUNDLE_LOADER = "$(TEST_HOST)";
				CODE_SIGN_STYLE = Automatic;
				CURRENT_PROJECT_VERSION = 1;
				GENERATE_INFOPLIST_FILE = YES;
				IPHONEOS_DEPLOYMENT_TARGET = 15.2;
				MARKETING_VERSION = 1.0;
				PRODUCT_BUNDLE_IDENTIFIER = NWM.HelloAppTests;
				PRODUCT_NAME = "$(TARGET_NAME)";
				SWIFT_EMIT_LOC_STRINGS = NO;
				SWIFT_VERSION = 5.0;
				TARGETED_DEVICE_FAMILY = "1,2";
				TEST_HOST = "$(BUILT_PRODUCTS_DIR)/HelloApp.app/HelloApp";
			};
			name = Release;
		};
		FE4BC4FC2799FC18009D94DD /* Debug */ = {
			isa = XCBuildConfiguration;
			buildSettings = {
				ALWAYS_EMBED_SWIFT_STANDARD_LIBRARIES = YES;
				CODE_SIGN_STYLE = Automatic;
				CURRENT_PROJECT_VERSION = 1;
				GENERATE_INFOPLIST_FILE = YES;
				MARKETING_VERSION = 1.0;
				PRODUCT_BUNDLE_IDENTIFIER = NWM.HelloAppUITests;
				PRODUCT_NAME = "$(TARGET_NAME)";
				SWIFT_EMIT_LOC_STRINGS = NO;
				SWIFT_VERSION = 5.0;
				TARGETED_DEVICE_FAMILY = "1,2";
				TEST_TARGET_NAME = HelloApp;
			};
			name = Debug;
		};
		FE4BC4FD2799FC18009D94DD /* Release */ = {
			isa = XCBuildConfiguration;
			buildSettings = {
				ALWAYS_EMBED_SWIFT_STANDARD_LIBRARIES = YES;
				CODE_SIGN_STYLE = Automatic;
				CURRENT_PROJECT_VERSION = 1;
				GENERATE_INFOPLIST_FILE = YES;
				MARKETING_VERSION = 1.0;
				PRODUCT_BUNDLE_IDENTIFIER = NWM.HelloAppUITests;
				PRODUCT_NAME = "$(TARGET_NAME)";
				SWIFT_EMIT_LOC_STRINGS = NO;
				SWIFT_VERSION = 5.0;
				TARGETED_DEVICE_FAMILY = "1,2";
				TEST_TARGET_NAME = HelloApp;
			};
			name = Release;
		};
/* End XCBuildConfiguration section */

/* Begin XCConfigurationList section */
		FE4BC4C62799FC17009D94DD /* Build configuration list for PBXProject "HelloApp" */ = {
			isa = XCConfigurationList;
			buildConfigurations = (
				FE4BC4F32799FC18009D94DD /* Debug */,
				FE4BC4F42799FC18009D94DD /* Release */,
			);
			defaultConfigurationIsVisible = 0;
			defaultConfigurationName = Release;
		};
		FE4BC4F52799FC18009D94DD /* Build configuration list for PBXNativeTarget "HelloApp" */ = {
			isa = XCConfigurationList;
			buildConfigurations = (
				FE4BC4F62799FC18009D94DD /* Debug */,
				FE4BC4F72799FC18009D94DD /* Release */,
			);
			defaultConfigurationIsVisible = 0;
			defaultConfigurationName = Release;
		};
		FE4BC4F82799FC18009D94DD /* Build configuration list for PBXNativeTarget "HelloAppTests" */ = {
			isa = XCConfigurationList;
			buildConfigurations = (
				FE4BC4F92799FC18009D94DD /* Debug */,
				FE4BC4FA2799FC18009D94DD /* Release */,
			);
			defaultConfigurationIsVisible = 0;
			defaultConfigurationName = Release;
		};
		FE4BC4FB2799FC18009D94DD /* Build configuration list for PBXNativeTarget "HelloAppUITests" */ = {
			isa = XCConfigurationList;
			buildConfigurations = (
				FE4BC4FC2799FC18009D94DD /* Debug */,
				FE4BC4FD2799FC18009D94DD /* Release */,
			);
			defaultConfigurationIsVisible = 0;
			defaultConfigurationName = Release;
		};
/* End XCConfigurationList section */
	};
	rootObject = FE4BC4C32799FC17009D94DD /* Project object */;
}
